// !$*UTF8*$!
{
	archiveVersion = 1;
	classes = {
	};
	objectVersion = 56;
	objects = {

/* Begin PBXBuildFile section */
		C8055760290BABA400D29B40 /* UNNotificationCenter.swift in Sources */ = {isa = PBXBuildFile; fileRef = C805575F290BABA400D29B40 /* UNNotificationCenter.swift */; };
		C82D130D2907E8C500D60753 /* AlertListCell.swift in Sources */ = {isa = PBXBuildFile; fileRef = C82D130B2907E8C500D60753 /* AlertListCell.swift */; };
		C82D130E2907E8C500D60753 /* AlertListCell.xib in Resources */ = {isa = PBXBuildFile; fileRef = C82D130C2907E8C500D60753 /* AlertListCell.xib */; };
		C82D13102908AA7500D60753 /* Alert.swift in Sources */ = {isa = PBXBuildFile; fileRef = C82D130F2908AA7500D60753 /* Alert.swift */; };
		C82D13122909006700D60753 /* AddAlertViewController.swift in Sources */ = {isa = PBXBuildFile; fileRef = C82D13112909006700D60753 /* AddAlertViewController.swift */; };
		C839CEE52907E291005DD6D1 /* AppDelegate.swift in Sources */ = {isa = PBXBuildFile; fileRef = C839CEE42907E291005DD6D1 /* AppDelegate.swift */; };
		C839CEE72907E291005DD6D1 /* SceneDelegate.swift in Sources */ = {isa = PBXBuildFile; fileRef = C839CEE62907E291005DD6D1 /* SceneDelegate.swift */; };
		C839CEEC2907E291005DD6D1 /* Main.storyboard in Resources */ = {isa = PBXBuildFile; fileRef = C839CEEA2907E291005DD6D1 /* Main.storyboard */; };
		C839CEEE2907E292005DD6D1 /* Assets.xcassets in Resources */ = {isa = PBXBuildFile; fileRef = C839CEED2907E292005DD6D1 /* Assets.xcassets */; };
		C839CEF12907E292005DD6D1 /* LaunchScreen.storyboard in Resources */ = {isa = PBXBuildFile; fileRef = C839CEEF2907E292005DD6D1 /* LaunchScreen.storyboard */; };
		C861E92D2907E71100F3D264 /* AlertListViewController.swift in Sources */ = {isa = PBXBuildFile; fileRef = C861E92C2907E71100F3D264 /* AlertListViewController.swift */; };
/* End PBXBuildFile section */

/* Begin PBXFileReference section */
		C805575F290BABA400D29B40 /* UNNotificationCenter.swift */ = {isa = PBXFileReference; lastKnownFileType = sourcecode.swift; path = UNNotificationCenter.swift; sourceTree = "<group>"; };
		C82D130B2907E8C500D60753 /* AlertListCell.swift */ = {isa = PBXFileReference; lastKnownFileType = sourcecode.swift; path = AlertListCell.swift; sourceTree = "<group>"; };
		C82D130C2907E8C500D60753 /* AlertListCell.xib */ = {isa = PBXFileReference; lastKnownFileType = file.xib; path = AlertListCell.xib; sourceTree = "<group>"; };
		C82D130F2908AA7500D60753 /* Alert.swift */ = {isa = PBXFileReference; lastKnownFileType = sourcecode.swift; path = Alert.swift; sourceTree = "<group>"; };
		C82D13112909006700D60753 /* AddAlertViewController.swift */ = {isa = PBXFileReference; lastKnownFileType = sourcecode.swift; path = AddAlertViewController.swift; sourceTree = "<group>"; };
		C839CEE12907E291005DD6D1 /* Drink.app */ = {isa = PBXFileReference; explicitFileType = wrapper.application; includeInIndex = 0; path = Drink.app; sourceTree = BUILT_PRODUCTS_DIR; };
		C839CEE42907E291005DD6D1 /* AppDelegate.swift */ = {isa = PBXFileReference; lastKnownFileType = sourcecode.swift; path = AppDelegate.swift; sourceTree = "<group>"; };
		C839CEE62907E291005DD6D1 /* SceneDelegate.swift */ = {isa = PBXFileReference; lastKnownFileType = sourcecode.swift; path = SceneDelegate.swift; sourceTree = "<group>"; };
		C839CEEB2907E291005DD6D1 /* Base */ = {isa = PBXFileReference; lastKnownFileType = file.storyboard; name = Base; path = Base.lproj/Main.storyboard; sourceTree = "<group>"; };
		C839CEED2907E292005DD6D1 /* Assets.xcassets */ = {isa = PBXFileReference; lastKnownFileType = folder.assetcatalog; path = Assets.xcassets; sourceTree = "<group>"; };
		C839CEF02907E292005DD6D1 /* Base */ = {isa = PBXFileReference; lastKnownFileType = file.storyboard; name = Base; path = Base.lproj/LaunchScreen.storyboard; sourceTree = "<group>"; };
		C839CEF22907E292005DD6D1 /* Info.plist */ = {isa = PBXFileReference; lastKnownFileType = text.plist.xml; path = Info.plist; sourceTree = "<group>"; };
		C861E92C2907E71100F3D264 /* AlertListViewController.swift */ = {isa = PBXFileReference; lastKnownFileType = sourcecode.swift; path = AlertListViewController.swift; sourceTree = "<group>"; };
/* End PBXFileReference section */

/* Begin PBXFrameworksBuildPhase section */
		C839CEDE2907E291005DD6D1 /* Frameworks */ = {
			isa = PBXFrameworksBuildPhase;
			buildActionMask = 2147483647;
			files = (
			);
			runOnlyForDeploymentPostprocessing = 0;
		};
/* End PBXFrameworksBuildPhase section */

/* Begin PBXGroup section */
		C80EBA502907E4C90067444E /* Controllers */ = {
			isa = PBXGroup;
			children = (
				C861E92C2907E71100F3D264 /* AlertListViewController.swift */,
				C82D13112909006700D60753 /* AddAlertViewController.swift */,
			);
			path = Controllers;
			sourceTree = "<group>";
		};
		C80EBA512907E4D10067444E /* Views */ = {
			isa = PBXGroup;
			children = (
				C839CEEA2907E291005DD6D1 /* Main.storyboard */,
				C82D130B2907E8C500D60753 /* AlertListCell.swift */,
				C82D130C2907E8C500D60753 /* AlertListCell.xib */,
			);
			path = Views;
			sourceTree = "<group>";
		};
		C80EBA522907E4D70067444E /* Models */ = {
			isa = PBXGroup;
			children = (
				C82D130F2908AA7500D60753 /* Alert.swift */,
				C805575F290BABA400D29B40 /* UNNotificationCenter.swift */,
			);
			path = Models;
			sourceTree = "<group>";
		};
		C839CED82907E291005DD6D1 = {
			isa = PBXGroup;
			children = (
				C839CEE32907E291005DD6D1 /* Drink */,
				C839CEE22907E291005DD6D1 /* Products */,
			);
			sourceTree = "<group>";
		};
		C839CEE22907E291005DD6D1 /* Products */ = {
			isa = PBXGroup;
			children = (
				C839CEE12907E291005DD6D1 /* Drink.app */,
			);
			name = Products;
			sourceTree = "<group>";
		};
		C839CEE32907E291005DD6D1 /* Drink */ = {
			isa = PBXGroup;
			children = (
				C839CEE42907E291005DD6D1 /* AppDelegate.swift */,
				C839CEE62907E291005DD6D1 /* SceneDelegate.swift */,
				C80EBA522907E4D70067444E /* Models */,
				C80EBA512907E4D10067444E /* Views */,
				C80EBA502907E4C90067444E /* Controllers */,
				C839CEED2907E292005DD6D1 /* Assets.xcassets */,
				C839CEEF2907E292005DD6D1 /* LaunchScreen.storyboard */,
				C839CEF22907E292005DD6D1 /* Info.plist */,
			);
			path = Drink;
			sourceTree = "<group>";
		};
/* End PBXGroup section */

/* Begin PBXNativeTarget section */
		C839CEE02907E291005DD6D1 /* Drink */ = {
			isa = PBXNativeTarget;
			buildConfigurationList = C839CEF52907E292005DD6D1 /* Build configuration list for PBXNativeTarget "Drink" */;
			buildPhases = (
				C839CEDD2907E291005DD6D1 /* Sources */,
				C839CEDE2907E291005DD6D1 /* Frameworks */,
				C839CEDF2907E291005DD6D1 /* Resources */,
			);
			buildRules = (
			);
			dependencies = (
			);
			name = Drink;
			productName = Drink;
			productReference = C839CEE12907E291005DD6D1 /* Drink.app */;
			productType = "com.apple.product-type.application";
		};
/* End PBXNativeTarget section */

/* Begin PBXProject section */
		C839CED92907E291005DD6D1 /* Project object */ = {
			isa = PBXProject;
			attributes = {
				BuildIndependentTargetsInParallel = 1;
				LastSwiftUpdateCheck = 1400;
				LastUpgradeCheck = 1400;
				TargetAttributes = {
					C839CEE02907E291005DD6D1 = {
						CreatedOnToolsVersion = 14.0.1;
					};
				};
			};
			buildConfigurationList = C839CEDC2907E291005DD6D1 /* Build configuration list for PBXProject "Drink" */;
			compatibilityVersion = "Xcode 14.0";
			developmentRegion = en;
			hasScannedForEncodings = 0;
			knownRegions = (
				en,
				Base,
			);
			mainGroup = C839CED82907E291005DD6D1;
			productRefGroup = C839CEE22907E291005DD6D1 /* Products */;
			projectDirPath = "";
			projectRoot = "";
			targets = (
				C839CEE02907E291005DD6D1 /* Drink */,
			);
		};
/* End PBXProject section */

/* Begin PBXResourcesBuildPhase section */
		C839CEDF2907E291005DD6D1 /* Resources */ = {
			isa = PBXResourcesBuildPhase;
			buildActionMask = 2147483647;
			files = (
				C839CEF12907E292005DD6D1 /* LaunchScreen.storyboard in Resources */,
				C839CEEE2907E292005DD6D1 /* Assets.xcassets in Resources */,
				C82D130E2907E8C500D60753 /* AlertListCell.xib in Resources */,
				C839CEEC2907E291005DD6D1 /* Main.storyboard in Resources */,
			);
			runOnlyForDeploymentPostprocessing = 0;
		};
/* End PBXResourcesBuildPhase section */

/* Begin PBXSourcesBuildPhase section */
		C839CEDD2907E291005DD6D1 /* Sources */ = {
			isa = PBXSourcesBuildPhase;
			buildActionMask = 2147483647;
			files = (
				C839CEE52907E291005DD6D1 /* AppDelegate.swift in Sources */,
				C839CEE72907E291005DD6D1 /* SceneDelegate.swift in Sources */,
				C82D130D2907E8C500D60753 /* AlertListCell.swift in Sources */,
				C82D13102908AA7500D60753 /* Alert.swift in Sources */,
				C861E92D2907E71100F3D264 /* AlertListViewController.swift in Sources */,
				C8055760290BABA400D29B40 /* UNNotificationCenter.swift in Sources */,
				C82D13122909006700D60753 /* AddAlertViewController.swift in Sources */,
			);
			runOnlyForDeploymentPostprocessing = 0;
		};
/* End PBXSourcesBuildPhase section */

/* Begin PBXVariantGroup section */
		C839CEEA2907E291005DD6D1 /* Main.storyboard */ = {
			isa = PBXVariantGroup;
			children = (
				C839CEEB2907E291005DD6D1 /* Base */,
			);
			name = Main.storyboard;
			sourceTree = "<group>";
		};
		C839CEEF2907E292005DD6D1 /* LaunchScreen.storyboard */ = {
			isa = PBXVariantGroup;
			children = (
				C839CEF02907E292005DD6D1 /* Base */,
			);
			name = LaunchScreen.storyboard;
			sourceTree = "<group>";
		};
/* End PBXVariantGroup section */

/* Begin XCBuildConfiguration section */
		C839CEF32907E292005DD6D1 /* Debug */ = {
			isa = XCBuildConfiguration;
			buildSettings = {
				ALWAYS_SEARCH_USER_PATHS = NO;
				CLANG_ANALYZER_NONNULL = YES;
				CLANG_ANALYZER_NUMBER_OBJECT_CONVERSION = YES_AGGRESSIVE;
				CLANG_CXX_LANGUAGE_STANDARD = "gnu++20";
				CLANG_ENABLE_MODULES = YES;
				CLANG_ENABLE_OBJC_ARC = YES;
				CLANG_ENABLE_OBJC_WEAK = YES;
				CLANG_WARN_BLOCK_CAPTURE_AUTORELEASING = YES;
				CLANG_WARN_BOOL_CONVERSION = YES;
				CLANG_WARN_COMMA = YES;
				CLANG_WARN_CONSTANT_CONVERSION = YES;
				CLANG_WARN_DEPRECATED_OBJC_IMPLEMENTATIONS = YES;
				CLANG_WARN_DIRECT_OBJC_ISA_USAGE = YES_ERROR;
				CLANG_WARN_DOCUMENTATION_COMMENTS = YES;
				CLANG_WARN_EMPTY_BODY = YES;
				CLANG_WARN_ENUM_CONVERSION = YES;
				CLANG_WARN_INFINITE_RECURSION = YES;
				CLANG_WARN_INT_CONVERSION = YES;
				CLANG_WARN_NON_LITERAL_NULL_CONVERSION = YES;
				CLANG_WARN_OBJC_IMPLICIT_RETAIN_SELF = YES;
				CLANG_WARN_OBJC_LITERAL_CONVERSION = YES;
				CLANG_WARN_OBJC_ROOT_CLASS = YES_ERROR;
				CLANG_WARN_QUOTED_INCLUDE_IN_FRAMEWORK_HEADER = YES;
				CLANG_WARN_RANGE_LOOP_ANALYSIS = YES;
				CLANG_WARN_STRICT_PROTOTYPES = YES;
				CLANG_WARN_SUSPICIOUS_MOVE = YES;
				CLANG_WARN_UNGUARDED_AVAILABILITY = YES_AGGRESSIVE;
				CLANG_WARN_UNREACHABLE_CODE = YES;
				CLANG_WARN__DUPLICATE_METHOD_MATCH = YES;
				COPY_PHASE_STRIP = NO;
				DEBUG_INFORMATION_FORMAT = dwarf;
				ENABLE_STRICT_OBJC_MSGSEND = YES;
				ENABLE_TESTABILITY = YES;
				GCC_C_LANGUAGE_STANDARD = gnu11;
				GCC_DYNAMIC_NO_PIC = NO;
				GCC_NO_COMMON_BLOCKS = YES;
				GCC_OPTIMIZATION_LEVEL = 0;
				GCC_PREPROCESSOR_DEFINITIONS = (
					"DEBUG=1",
					"$(inherited)",
				);
				GCC_WARN_64_TO_32_BIT_CONVERSION = YES;
				GCC_WARN_ABOUT_RETURN_TYPE = YES_ERROR;
				GCC_WARN_UNDECLARED_SELECTOR = YES;
				GCC_WARN_UNINITIALIZED_AUTOS = YES_AGGRESSIVE;
				GCC_WARN_UNUSED_FUNCTION = YES;
				GCC_WARN_UNUSED_VARIABLE = YES;
				IPHONEOS_DEPLOYMENT_TARGET = 16.0;
				MTL_ENABLE_DEBUG_INFO = INCLUDE_SOURCE;
				MTL_FAST_MATH = YES;
				ONLY_ACTIVE_ARCH = YES;
				SDKROOT = iphoneos;
				SWIFT_ACTIVE_COMPILATION_CONDITIONS = DEBUG;
				SWIFT_OPTIMIZATION_LEVEL = "-Onone";
			};
			name = Debug;
		};
		C839CEF42907E292005DD6D1 /* Release */ = {
			isa = XCBuildConfiguration;
			buildSettings = {
				ALWAYS_SEARCH_USER_PATHS = NO;
				CLANG_ANALYZER_NONNULL = YES;
				CLANG_ANALYZER_NUMBER_OBJECT_CONVERSION = YES_AGGRESSIVE;
				CLANG_CXX_LANGUAGE_STANDARD = "gnu++20";
				CLANG_ENABLE_MODULES = YES;
				CLANG_ENABLE_OBJC_ARC = YES;
				CLANG_ENABLE_OBJC_WEAK = YES;
				CLANG_WARN_BLOCK_CAPTURE_AUTORELEASING = YES;
				CLANG_WARN_BOOL_CONVERSION = YES;
				CLANG_WARN_COMMA = YES;
				CLANG_WARN_CONSTANT_CONVERSION = YES;
				CLANG_WARN_DEPRECATED_OBJC_IMPLEMENTATIONS = YES;
				CLANG_WARN_DIRECT_OBJC_ISA_USAGE = YES_ERROR;
				CLANG_WARN_DOCUMENTATION_COMMENTS = YES;
				CLANG_WARN_EMPTY_BODY = YES;
				CLANG_WARN_ENUM_CONVERSION = YES;
				CLANG_WARN_INFINITE_RECURSION = YES;
				CLANG_WARN_INT_CONVERSION = YES;
				CLANG_WARN_NON_LITERAL_NULL_CONVERSION = YES;
				CLANG_WARN_OBJC_IMPLICIT_RETAIN_SELF = YES;
				CLANG_WARN_OBJC_LITERAL_CONVERSION = YES;
				CLANG_WARN_OBJC_ROOT_CLASS = YES_ERROR;
				CLANG_WARN_QUOTED_INCLUDE_IN_FRAMEWORK_HEADER = YES;
				CLANG_WARN_RANGE_LOOP_ANALYSIS = YES;
				CLANG_WARN_STRICT_PROTOTYPES = YES;
				CLANG_WARN_SUSPICIOUS_MOVE = YES;
				CLANG_WARN_UNGUARDED_AVAILABILITY = YES_AGGRESSIVE;
				CLANG_WARN_UNREACHABLE_CODE = YES;
				CLANG_WARN__DUPLICATE_METHOD_MATCH = YES;
				COPY_PHASE_STRIP = NO;
				DEBUG_INFORMATION_FORMAT = "dwarf-with-dsym";
				ENABLE_NS_ASSERTIONS = NO;
				ENABLE_STRICT_OBJC_MSGSEND = YES;
				GCC_C_LANGUAGE_STANDARD = gnu11;
				GCC_NO_COMMON_BLOCKS = YES;
				GCC_WARN_64_TO_32_BIT_CONVERSION = YES;
				GCC_WARN_ABOUT_RETURN_TYPE = YES_ERROR;
				GCC_WARN_UNDECLARED_SELECTOR = YES;
				GCC_WARN_UNINITIALIZED_AUTOS = YES_AGGRESSIVE;
				GCC_WARN_UNUSED_FUNCTION = YES;
				GCC_WARN_UNUSED_VARIABLE = YES;
				IPHONEOS_DEPLOYMENT_TARGET = 16.0;
				MTL_ENABLE_DEBUG_INFO = NO;
				MTL_FAST_MATH = YES;
				SDKROOT = iphoneos;
				SWIFT_COMPILATION_MODE = wholemodule;
				SWIFT_OPTIMIZATION_LEVEL = "-O";
				VALIDATE_PRODUCT = YES;
			};
			name = Release;
		};
		C839CEF62907E292005DD6D1 /* Debug */ = {
			isa = XCBuildConfiguration;
			buildSettings = {
				ASSETCATALOG_COMPILER_APPICON_NAME = AppIcon;
				ASSETCATALOG_COMPILER_GLOBAL_ACCENT_COLOR_NAME = AccentColor;
				CODE_SIGN_STYLE = Automatic;
				CURRENT_PROJECT_VERSION = 1;
				DEVELOPMENT_TEAM = C52UTF3KCV;
				GENERATE_INFOPLIST_FILE = YES;
				INFOPLIST_FILE = Drink/Info.plist;
				INFOPLIST_KEY_UIApplicationSupportsIndirectInputEvents = YES;
				INFOPLIST_KEY_UILaunchStoryboardName = LaunchScreen;
				INFOPLIST_KEY_UIMainStoryboardFile = Main;
				INFOPLIST_KEY_UISupportedInterfaceOrientations_iPad = "UIInterfaceOrientationPortrait UIInterfaceOrientationPortraitUpsideDown UIInterfaceOrientationLandscapeLeft UIInterfaceOrientationLandscapeRight";
				INFOPLIST_KEY_UISupportedInterfaceOrientations_iPhone = "UIInterfaceOrientationPortrait UIInterfaceOrientationLandscapeLeft UIInterfaceOrientationLandscapeRight";
				LD_RUNPATH_SEARCH_PATHS = (
					"$(inherited)",
					"@executable_path/Frameworks",
				);
				MARKETING_VERSION = 1.0;
				PRODUCT_BUNDLE_IDENTIFIER = com.jessicaKoh.Drink;
				PRODUCT_NAME = "$(TARGET_NAME)";
				SWIFT_EMIT_LOC_STRINGS = YES;
				SWIFT_VERSION = 5.0;
				TARGETED_DEVICE_FAMILY = "1,2";
			};
			name = Debug;
		};
		C839CEF72907E292005DD6D1 /* Release */ = {
			isa = XCBuildConfiguration;
			buildSettings = {
				ASSETCATALOG_COMPILER_APPICON_NAME = AppIcon;
				ASSETCATALOG_COMPILER_GLOBAL_ACCENT_COLOR_NAME = AccentColor;
				CODE_SIGN_STYLE = Automatic;
				CURRENT_PROJECT_VERSION = 1;
				DEVELOPMENT_TEAM = C52UTF3KCV;
				GENERATE_INFOPLIST_FILE = YES;
				INFOPLIST_FILE = Drink/Info.plist;
				INFOPLIST_KEY_UIApplicationSupportsIndirectInputEvents = YES;
				INFOPLIST_KEY_UILaunchStoryboardName = LaunchScreen;
				INFOPLIST_KEY_UIMainStoryboardFile = Main;
				INFOPLIST_KEY_UISupportedInterfaceOrientations_iPad = "UIInterfaceOrientationPortrait UIInterfaceOrientationPortraitUpsideDown UIInterfaceOrientationLandscapeLeft UIInterfaceOrientationLandscapeRight";
				INFOPLIST_KEY_UISupportedInterfaceOrientations_iPhone = "UIInterfaceOrientationPortrait UIInterfaceOrientationLandscapeLeft UIInterfaceOrientationLandscapeRight";
				LD_RUNPATH_SEARCH_PATHS = (
					"$(inherited)",
					"@executable_path/Frameworks",
				);
				MARKETING_VERSION = 1.0;
				PRODUCT_BUNDLE_IDENTIFIER = com.jessicaKoh.Drink;
				PRODUCT_NAME = "$(TARGET_NAME)";
				SWIFT_EMIT_LOC_STRINGS = YES;
				SWIFT_VERSION = 5.0;
				TARGETED_DEVICE_FAMILY = "1,2";
			};
			name = Release;
		};
/* End XCBuildConfiguration section */

/* Begin XCConfigurationList section */
		C839CEDC2907E291005DD6D1 /* Build configuration list for PBXProject "Drink" */ = {
			isa = XCConfigurationList;
			buildConfigurations = (
				C839CEF32907E292005DD6D1 /* Debug */,
				C839CEF42907E292005DD6D1 /* Release */,
			);
			defaultConfigurationIsVisible = 0;
			defaultConfigurationName = Release;
		};
		C839CEF52907E292005DD6D1 /* Build configuration list for PBXNativeTarget "Drink" */ = {
			isa = XCConfigurationList;
			buildConfigurations = (
				C839CEF62907E292005DD6D1 /* Debug */,
				C839CEF72907E292005DD6D1 /* Release */,
			);
			defaultConfigurationIsVisible = 0;
			defaultConfigurationName = Release;
		};
/* End XCConfigurationList section */
	};
	rootObject = C839CED92907E291005DD6D1 /* Project object */;
}
