// !$*UTF8*$!
{
	archiveVersion = 1;
	classes = {
	};
	objectVersion = 56;
	objects = {

/* Begin PBXBuildFile section */
		17C31EC952E1CD24853ED6B4 /* Pods_Warning.framework in Frameworks */ = {isa = PBXBuildFile; fileRef = DE1388A31468506F024B5EE1 /* Pods_Warning.framework */; };
		C8C9EEFA290D63EA005E4620 /* AppDelegate.swift in Sources */ = {isa = PBXBuildFile; fileRef = C8C9EEF9290D63EA005E4620 /* AppDelegate.swift */; };
		C8C9EEFC290D63EA005E4620 /* SceneDelegate.swift in Sources */ = {isa = PBXBuildFile; fileRef = C8C9EEFB290D63EA005E4620 /* SceneDelegate.swift */; };
		C8C9EEFE290D63EA005E4620 /* ViewController.swift in Sources */ = {isa = PBXBuildFile; fileRef = C8C9EEFD290D63EA005E4620 /* ViewController.swift */; };
		C8C9EF01290D63EA005E4620 /* Main.storyboard in Resources */ = {isa = PBXBuildFile; fileRef = C8C9EEFF290D63EA005E4620 /* Main.storyboard */; };
		C8C9EF03290D63ED005E4620 /* Assets.xcassets in Resources */ = {isa = PBXBuildFile; fileRef = C8C9EF02290D63ED005E4620 /* Assets.xcassets */; };
		C8C9EF06290D63ED005E4620 /* LaunchScreen.storyboard in Resources */ = {isa = PBXBuildFile; fileRef = C8C9EF04290D63ED005E4620 /* LaunchScreen.storyboard */; };
		C8C9EF0E290D65A9005E4620 /* GoogleService-Info.plist in Resources */ = {isa = PBXBuildFile; fileRef = C8C9EF0D290D65A9005E4620 /* GoogleService-Info.plist */; };
/* End PBXBuildFile section */

/* Begin PBXFileReference section */
		39FCDDC9A6F2DE8DD3B08D38 /* Pods-Warning.release.xcconfig */ = {isa = PBXFileReference; includeInIndex = 1; lastKnownFileType = text.xcconfig; name = "Pods-Warning.release.xcconfig"; path = "Target Support Files/Pods-Warning/Pods-Warning.release.xcconfig"; sourceTree = "<group>"; };
		C86977A2290D694500199983 /* Warning.entitlements */ = {isa = PBXFileReference; lastKnownFileType = text.plist.entitlements; path = Warning.entitlements; sourceTree = "<group>"; };
		C8C9EEF6290D63EA005E4620 /* Warning.app */ = {isa = PBXFileReference; explicitFileType = wrapper.application; includeInIndex = 0; path = Warning.app; sourceTree = BUILT_PRODUCTS_DIR; };
		C8C9EEF9290D63EA005E4620 /* AppDelegate.swift */ = {isa = PBXFileReference; lastKnownFileType = sourcecode.swift; path = AppDelegate.swift; sourceTree = "<group>"; };
		C8C9EEFB290D63EA005E4620 /* SceneDelegate.swift */ = {isa = PBXFileReference; lastKnownFileType = sourcecode.swift; path = SceneDelegate.swift; sourceTree = "<group>"; };
		C8C9EEFD290D63EA005E4620 /* ViewController.swift */ = {isa = PBXFileReference; lastKnownFileType = sourcecode.swift; path = ViewController.swift; sourceTree = "<group>"; };
		C8C9EF00290D63EA005E4620 /* Base */ = {isa = PBXFileReference; lastKnownFileType = file.storyboard; name = Base; path = Base.lproj/Main.storyboard; sourceTree = "<group>"; };
		C8C9EF02290D63ED005E4620 /* Assets.xcassets */ = {isa = PBXFileReference; lastKnownFileType = folder.assetcatalog; path = Assets.xcassets; sourceTree = "<group>"; };
		C8C9EF05290D63ED005E4620 /* Base */ = {isa = PBXFileReference; lastKnownFileType = file.storyboard; name = Base; path = Base.lproj/LaunchScreen.storyboard; sourceTree = "<group>"; };
		C8C9EF07290D63ED005E4620 /* Info.plist */ = {isa = PBXFileReference; lastKnownFileType = text.plist.xml; path = Info.plist; sourceTree = "<group>"; };
		C8C9EF0D290D65A9005E4620 /* GoogleService-Info.plist */ = {isa = PBXFileReference; fileEncoding = 4; lastKnownFileType = text.plist.xml; path = "GoogleService-Info.plist"; sourceTree = "<group>"; };
		DE1388A31468506F024B5EE1 /* Pods_Warning.framework */ = {isa = PBXFileReference; explicitFileType = wrapper.framework; includeInIndex = 0; path = Pods_Warning.framework; sourceTree = BUILT_PRODUCTS_DIR; };
		FCEAF7AF97F4850F7B77D69F /* Pods-Warning.debug.xcconfig */ = {isa = PBXFileReference; includeInIndex = 1; lastKnownFileType = text.xcconfig; name = "Pods-Warning.debug.xcconfig"; path = "Target Support Files/Pods-Warning/Pods-Warning.debug.xcconfig"; sourceTree = "<group>"; };
/* End PBXFileReference section */

/* Begin PBXFrameworksBuildPhase section */
		C8C9EEF3290D63EA005E4620 /* Frameworks */ = {
			isa = PBXFrameworksBuildPhase;
			buildActionMask = 2147483647;
			files = (
				17C31EC952E1CD24853ED6B4 /* Pods_Warning.framework in Frameworks */,
			);
			runOnlyForDeploymentPostprocessing = 0;
		};
/* End PBXFrameworksBuildPhase section */

/* Begin PBXGroup section */
		04CB44182D594D79AD2754CD /* Frameworks */ = {
			isa = PBXGroup;
			children = (
				DE1388A31468506F024B5EE1 /* Pods_Warning.framework */,
			);
			name = Frameworks;
			sourceTree = "<group>";
		};
		8688E8616EB1F6B589E2CCF6 /* Pods */ = {
			isa = PBXGroup;
			children = (
				FCEAF7AF97F4850F7B77D69F /* Pods-Warning.debug.xcconfig */,
				39FCDDC9A6F2DE8DD3B08D38 /* Pods-Warning.release.xcconfig */,
			);
			path = Pods;
			sourceTree = "<group>";
		};
		C8C9EEED290D63EA005E4620 = {
			isa = PBXGroup;
			children = (
				C8C9EEF8290D63EA005E4620 /* Warning */,
				C8C9EEF7290D63EA005E4620 /* Products */,
				8688E8616EB1F6B589E2CCF6 /* Pods */,
				04CB44182D594D79AD2754CD /* Frameworks */,
			);
			sourceTree = "<group>";
		};
		C8C9EEF7290D63EA005E4620 /* Products */ = {
			isa = PBXGroup;
			children = (
				C8C9EEF6290D63EA005E4620 /* Warning.app */,
			);
			name = Products;
			sourceTree = "<group>";
		};
		C8C9EEF8290D63EA005E4620 /* Warning */ = {
			isa = PBXGroup;
			children = (
				C86977A2290D694500199983 /* Warning.entitlements */,
				C8C9EEF9290D63EA005E4620 /* AppDelegate.swift */,
				C8C9EEFB290D63EA005E4620 /* SceneDelegate.swift */,
				C8C9EF10290D65B6005E4620 /* Models */,
				C8C9EF11290D65BB005E4620 /* Views */,
				C8C9EF0F290D65AF005E4620 /* Controllers */,
				C8C9EF12290D65CB005E4620 /* Supports */,
				C8C9EF07290D63ED005E4620 /* Info.plist */,
				C8C9EF0D290D65A9005E4620 /* GoogleService-Info.plist */,
			);
			path = Warning;
			sourceTree = "<group>";
		};
		C8C9EF0F290D65AF005E4620 /* Controllers */ = {
			isa = PBXGroup;
			children = (
				C8C9EEFD290D63EA005E4620 /* ViewController.swift */,
			);
			path = Controllers;
			sourceTree = "<group>";
		};
		C8C9EF10290D65B6005E4620 /* Models */ = {
			isa = PBXGroup;
			children = (
			);
			path = Models;
			sourceTree = "<group>";
		};
		C8C9EF11290D65BB005E4620 /* Views */ = {
			isa = PBXGroup;
			children = (
				C8C9EEFF290D63EA005E4620 /* Main.storyboard */,
			);
			path = Views;
			sourceTree = "<group>";
		};
		C8C9EF12290D65CB005E4620 /* Supports */ = {
			isa = PBXGroup;
			children = (
				C8C9EF02290D63ED005E4620 /* Assets.xcassets */,
				C8C9EF04290D63ED005E4620 /* LaunchScreen.storyboard */,
			);
			path = Supports;
			sourceTree = "<group>";
		};
/* End PBXGroup section */

/* Begin PBXNativeTarget section */
		C8C9EEF5290D63EA005E4620 /* Warning */ = {
			isa = PBXNativeTarget;
			buildConfigurationList = C8C9EF0A290D63ED005E4620 /* Build configuration list for PBXNativeTarget "Warning" */;
			buildPhases = (
				FF03CE456E0181123718DDC2 /* [CP] Check Pods Manifest.lock */,
				C8C9EEF2290D63EA005E4620 /* Sources */,
				C8C9EEF3290D63EA005E4620 /* Frameworks */,
				C8C9EEF4290D63EA005E4620 /* Resources */,
				B54445AE75239E715727D30C /* [CP] Embed Pods Frameworks */,
			);
			buildRules = (
			);
			dependencies = (
			);
			name = Warning;
			productName = Warning;
			productReference = C8C9EEF6290D63EA005E4620 /* Warning.app */;
			productType = "com.apple.product-type.application";
		};
/* End PBXNativeTarget section */

/* Begin PBXProject section */
		C8C9EEEE290D63EA005E4620 /* Project object */ = {
			isa = PBXProject;
			attributes = {
				BuildIndependentTargetsInParallel = 1;
				LastSwiftUpdateCheck = 1400;
				LastUpgradeCheck = 1400;
				TargetAttributes = {
					C8C9EEF5290D63EA005E4620 = {
						CreatedOnToolsVersion = 14.0.1;
					};
				};
			};
			buildConfigurationList = C8C9EEF1290D63EA005E4620 /* Build configuration list for PBXProject "Warning" */;
			compatibilityVersion = "Xcode 14.0";
			developmentRegion = en;
			hasScannedForEncodings = 0;
			knownRegions = (
				en,
				Base,
			);
			mainGroup = C8C9EEED290D63EA005E4620;
			productRefGroup = C8C9EEF7290D63EA005E4620 /* Products */;
			projectDirPath = "";
			projectRoot = "";
			targets = (
				C8C9EEF5290D63EA005E4620 /* Warning */,
			);
		};
/* End PBXProject section */

/* Begin PBXResourcesBuildPhase section */
		C8C9EEF4290D63EA005E4620 /* Resources */ = {
			isa = PBXResourcesBuildPhase;
			buildActionMask = 2147483647;
			files = (
				C8C9EF06290D63ED005E4620 /* LaunchScreen.storyboard in Resources */,
				C8C9EF0E290D65A9005E4620 /* GoogleService-Info.plist in Resources */,
				C8C9EF03290D63ED005E4620 /* Assets.xcassets in Resources */,
				C8C9EF01290D63EA005E4620 /* Main.storyboard in Resources */,
			);
			runOnlyForDeploymentPostprocessing = 0;
		};
/* End PBXResourcesBuildPhase section */

/* Begin PBXShellScriptBuildPhase section */
		B54445AE75239E715727D30C /* [CP] Embed Pods Frameworks */ = {
			isa = PBXShellScriptBuildPhase;
			buildActionMask = 2147483647;
			files = (
			);
			inputFileListPaths = (
				"${PODS_ROOT}/Target Support Files/Pods-Warning/Pods-Warning-frameworks-${CONFIGURATION}-input-files.xcfilelist",
			);
			name = "[CP] Embed Pods Frameworks";
			outputFileListPaths = (
				"${PODS_ROOT}/Target Support Files/Pods-Warning/Pods-Warning-frameworks-${CONFIGURATION}-output-files.xcfilelist",
			);
			runOnlyForDeploymentPostprocessing = 0;
			shellPath = /bin/sh;
			shellScript = "\"${PODS_ROOT}/Target Support Files/Pods-Warning/Pods-Warning-frameworks.sh\"\n";
			showEnvVarsInLog = 0;
		};
		FF03CE456E0181123718DDC2 /* [CP] Check Pods Manifest.lock */ = {
			isa = PBXShellScriptBuildPhase;
			buildActionMask = 2147483647;
			files = (
			);
			inputFileListPaths = (
			);
			inputPaths = (
				"${PODS_PODFILE_DIR_PATH}/Podfile.lock",
				"${PODS_ROOT}/Manifest.lock",
			);
			name = "[CP] Check Pods Manifest.lock";
			outputFileListPaths = (
			);
			outputPaths = (
				"$(DERIVED_FILE_DIR)/Pods-Warning-checkManifestLockResult.txt",
			);
			runOnlyForDeploymentPostprocessing = 0;
			shellPath = /bin/sh;
			shellScript = "diff \"${PODS_PODFILE_DIR_PATH}/Podfile.lock\" \"${PODS_ROOT}/Manifest.lock\" > /dev/null\nif [ $? != 0 ] ; then\n    # print error to STDERR\n    echo \"error: The sandbox is not in sync with the Podfile.lock. Run 'pod install' or update your CocoaPods installation.\" >&2\n    exit 1\nfi\n# This output is used by Xcode 'outputs' to avoid re-running this script phase.\necho \"SUCCESS\" > \"${SCRIPT_OUTPUT_FILE_0}\"\n";
			showEnvVarsInLog = 0;
		};
/* End PBXShellScriptBuildPhase section */

/* Begin PBXSourcesBuildPhase section */
		C8C9EEF2290D63EA005E4620 /* Sources */ = {
			isa = PBXSourcesBuildPhase;
			buildActionMask = 2147483647;
			files = (
				C8C9EEFE290D63EA005E4620 /* ViewController.swift in Sources */,
				C8C9EEFA290D63EA005E4620 /* AppDelegate.swift in Sources */,
				C8C9EEFC290D63EA005E4620 /* SceneDelegate.swift in Sources */,
			);
			runOnlyForDeploymentPostprocessing = 0;
		};
/* End PBXSourcesBuildPhase section */

/* Begin PBXVariantGroup section */
		C8C9EEFF290D63EA005E4620 /* Main.storyboard */ = {
			isa = PBXVariantGroup;
			children = (
				C8C9EF00290D63EA005E4620 /* Base */,
			);
			name = Main.storyboard;
			sourceTree = "<group>";
		};
		C8C9EF04290D63ED005E4620 /* LaunchScreen.storyboard */ = {
			isa = PBXVariantGroup;
			children = (
				C8C9EF05290D63ED005E4620 /* Base */,
			);
			name = LaunchScreen.storyboard;
			sourceTree = "<group>";
		};
/* End PBXVariantGroup section */

/* Begin XCBuildConfiguration section */
		C8C9EF08290D63ED005E4620 /* Debug */ = {
			isa = XCBuildConfiguration;
			buildSettings = {
				ALWAYS_SEARCH_USER_PATHS = NO;
				CLANG_ANALYZER_NONNULL = YES;
				CLANG_ANALYZER_NUMBER_OBJECT_CONVERSION = YES_AGGRESSIVE;
				CLANG_CXX_LANGUAGE_STANDARD = "gnu++20";
				CLANG_ENABLE_MODULES = YES;
				CLANG_ENABLE_OBJC_ARC = YES;
				CLANG_ENABLE_OBJC_WEAK = YES;
				CLANG_WARN_BLOCK_CAPTURE_AUTORELEASING = YES;
				CLANG_WARN_BOOL_CONVERSION = YES;
				CLANG_WARN_COMMA = YES;
				CLANG_WARN_CONSTANT_CONVERSION = YES;
				CLANG_WARN_DEPRECATED_OBJC_IMPLEMENTATIONS = YES;
				CLANG_WARN_DIRECT_OBJC_ISA_USAGE = YES_ERROR;
				CLANG_WARN_DOCUMENTATION_COMMENTS = YES;
				CLANG_WARN_EMPTY_BODY = YES;
				CLANG_WARN_ENUM_CONVERSION = YES;
				CLANG_WARN_INFINITE_RECURSION = YES;
				CLANG_WARN_INT_CONVERSION = YES;
				CLANG_WARN_NON_LITERAL_NULL_CONVERSION = YES;
				CLANG_WARN_OBJC_IMPLICIT_RETAIN_SELF = YES;
				CLANG_WARN_OBJC_LITERAL_CONVERSION = YES;
				CLANG_WARN_OBJC_ROOT_CLASS = YES_ERROR;
				CLANG_WARN_QUOTED_INCLUDE_IN_FRAMEWORK_HEADER = YES;
				CLANG_WARN_RANGE_LOOP_ANALYSIS = YES;
				CLANG_WARN_STRICT_PROTOTYPES = YES;
				CLANG_WARN_SUSPICIOUS_MOVE = YES;
				CLANG_WARN_UNGUARDED_AVAILABILITY = YES_AGGRESSIVE;
				CLANG_WARN_UNREACHABLE_CODE = YES;
				CLANG_WARN__DUPLICATE_METHOD_MATCH = YES;
				COPY_PHASE_STRIP = NO;
				DEBUG_INFORMATION_FORMAT = dwarf;
				ENABLE_STRICT_OBJC_MSGSEND = YES;
				ENABLE_TESTABILITY = YES;
				GCC_C_LANGUAGE_STANDARD = gnu11;
				GCC_DYNAMIC_NO_PIC = NO;
				GCC_NO_COMMON_BLOCKS = YES;
				GCC_OPTIMIZATION_LEVEL = 0;
				GCC_PREPROCESSOR_DEFINITIONS = (
					"DEBUG=1",
					"$(inherited)",
				);
				GCC_WARN_64_TO_32_BIT_CONVERSION = YES;
				GCC_WARN_ABOUT_RETURN_TYPE = YES_ERROR;
				GCC_WARN_UNDECLARED_SELECTOR = YES;
				GCC_WARN_UNINITIALIZED_AUTOS = YES_AGGRESSIVE;
				GCC_WARN_UNUSED_FUNCTION = YES;
				GCC_WARN_UNUSED_VARIABLE = YES;
				IPHONEOS_DEPLOYMENT_TARGET = 16.0;
				MTL_ENABLE_DEBUG_INFO = INCLUDE_SOURCE;
				MTL_FAST_MATH = YES;
				ONLY_ACTIVE_ARCH = YES;
				SDKROOT = iphoneos;
				SWIFT_ACTIVE_COMPILATION_CONDITIONS = DEBUG;
				SWIFT_OPTIMIZATION_LEVEL = "-Onone";
			};
			name = Debug;
		};
		C8C9EF09290D63ED005E4620 /* Release */ = {
			isa = XCBuildConfiguration;
			buildSettings = {
				ALWAYS_SEARCH_USER_PATHS = NO;
				CLANG_ANALYZER_NONNULL = YES;
				CLANG_ANALYZER_NUMBER_OBJECT_CONVERSION = YES_AGGRESSIVE;
				CLANG_CXX_LANGUAGE_STANDARD = "gnu++20";
				CLANG_ENABLE_MODULES = YES;
				CLANG_ENABLE_OBJC_ARC = YES;
				CLANG_ENABLE_OBJC_WEAK = YES;
				CLANG_WARN_BLOCK_CAPTURE_AUTORELEASING = YES;
				CLANG_WARN_BOOL_CONVERSION = YES;
				CLANG_WARN_COMMA = YES;
				CLANG_WARN_CONSTANT_CONVERSION = YES;
				CLANG_WARN_DEPRECATED_OBJC_IMPLEMENTATIONS = YES;
				CLANG_WARN_DIRECT_OBJC_ISA_USAGE = YES_ERROR;
				CLANG_WARN_DOCUMENTATION_COMMENTS = YES;
				CLANG_WARN_EMPTY_BODY = YES;
				CLANG_WARN_ENUM_CONVERSION = YES;
				CLANG_WARN_INFINITE_RECURSION = YES;
				CLANG_WARN_INT_CONVERSION = YES;
				CLANG_WARN_NON_LITERAL_NULL_CONVERSION = YES;
				CLANG_WARN_OBJC_IMPLICIT_RETAIN_SELF = YES;
				CLANG_WARN_OBJC_LITERAL_CONVERSION = YES;
				CLANG_WARN_OBJC_ROOT_CLASS = YES_ERROR;
				CLANG_WARN_QUOTED_INCLUDE_IN_FRAMEWORK_HEADER = YES;
				CLANG_WARN_RANGE_LOOP_ANALYSIS = YES;
				CLANG_WARN_STRICT_PROTOTYPES = YES;
				CLANG_WARN_SUSPICIOUS_MOVE = YES;
				CLANG_WARN_UNGUARDED_AVAILABILITY = YES_AGGRESSIVE;
				CLANG_WARN_UNREACHABLE_CODE = YES;
				CLANG_WARN__DUPLICATE_METHOD_MATCH = YES;
				COPY_PHASE_STRIP = NO;
				DEBUG_INFORMATION_FORMAT = "dwarf-with-dsym";
				ENABLE_NS_ASSERTIONS = NO;
				ENABLE_STRICT_OBJC_MSGSEND = YES;
				GCC_C_LANGUAGE_STANDARD = gnu11;
				GCC_NO_COMMON_BLOCKS = YES;
				GCC_WARN_64_TO_32_BIT_CONVERSION = YES;
				GCC_WARN_ABOUT_RETURN_TYPE = YES_ERROR;
				GCC_WARN_UNDECLARED_SELECTOR = YES;
				GCC_WARN_UNINITIALIZED_AUTOS = YES_AGGRESSIVE;
				GCC_WARN_UNUSED_FUNCTION = YES;
				GCC_WARN_UNUSED_VARIABLE = YES;
				IPHONEOS_DEPLOYMENT_TARGET = 16.0;
				MTL_ENABLE_DEBUG_INFO = NO;
				MTL_FAST_MATH = YES;
				SDKROOT = iphoneos;
				SWIFT_COMPILATION_MODE = wholemodule;
				SWIFT_OPTIMIZATION_LEVEL = "-O";
				VALIDATE_PRODUCT = YES;
			};
			name = Release;
		};
		C8C9EF0B290D63ED005E4620 /* Debug */ = {
			isa = XCBuildConfiguration;
			baseConfigurationReference = FCEAF7AF97F4850F7B77D69F /* Pods-Warning.debug.xcconfig */;
			buildSettings = {
				ASSETCATALOG_COMPILER_APPICON_NAME = AppIcon;
				ASSETCATALOG_COMPILER_GLOBAL_ACCENT_COLOR_NAME = AccentColor;
				CODE_SIGN_ENTITLEMENTS = Warning/Warning.entitlements;
				CODE_SIGN_STYLE = Automatic;
				CURRENT_PROJECT_VERSION = 1;
				DEVELOPMENT_TEAM = C52UTF3KCV;
				GENERATE_INFOPLIST_FILE = YES;
				INFOPLIST_FILE = Warning/Info.plist;
				INFOPLIST_KEY_UIApplicationSupportsIndirectInputEvents = YES;
				INFOPLIST_KEY_UILaunchStoryboardName = LaunchScreen;
				INFOPLIST_KEY_UIMainStoryboardFile = Main;
				INFOPLIST_KEY_UISupportedInterfaceOrientations_iPad = "UIInterfaceOrientationPortrait UIInterfaceOrientationPortraitUpsideDown UIInterfaceOrientationLandscapeLeft UIInterfaceOrientationLandscapeRight";
				INFOPLIST_KEY_UISupportedInterfaceOrientations_iPhone = "UIInterfaceOrientationPortrait UIInterfaceOrientationLandscapeLeft UIInterfaceOrientationLandscapeRight";
				LD_RUNPATH_SEARCH_PATHS = (
					"$(inherited)",
					"@executable_path/Frameworks",
				);
				MARKETING_VERSION = 1.0;
				PRODUCT_BUNDLE_IDENTIFIER = com.jessicaKoh.Warning;
				PRODUCT_NAME = "$(TARGET_NAME)";
				SWIFT_EMIT_LOC_STRINGS = YES;
				SWIFT_VERSION = 5.0;
				TARGETED_DEVICE_FAMILY = "1,2";
			};
			name = Debug;
		};
		C8C9EF0C290D63ED005E4620 /* Release */ = {
			isa = XCBuildConfiguration;
			baseConfigurationReference = 39FCDDC9A6F2DE8DD3B08D38 /* Pods-Warning.release.xcconfig */;
			buildSettings = {
				ASSETCATALOG_COMPILER_APPICON_NAME = AppIcon;
				ASSETCATALOG_COMPILER_GLOBAL_ACCENT_COLOR_NAME = AccentColor;
				CODE_SIGN_ENTITLEMENTS = Warning/Warning.entitlements;
				CODE_SIGN_STYLE = Automatic;
				CURRENT_PROJECT_VERSION = 1;
				DEVELOPMENT_TEAM = C52UTF3KCV;
				GENERATE_INFOPLIST_FILE = YES;
				INFOPLIST_FILE = Warning/Info.plist;
				INFOPLIST_KEY_UIApplicationSupportsIndirectInputEvents = YES;
				INFOPLIST_KEY_UILaunchStoryboardName = LaunchScreen;
				INFOPLIST_KEY_UIMainStoryboardFile = Main;
				INFOPLIST_KEY_UISupportedInterfaceOrientations_iPad = "UIInterfaceOrientationPortrait UIInterfaceOrientationPortraitUpsideDown UIInterfaceOrientationLandscapeLeft UIInterfaceOrientationLandscapeRight";
				INFOPLIST_KEY_UISupportedInterfaceOrientations_iPhone = "UIInterfaceOrientationPortrait UIInterfaceOrientationLandscapeLeft UIInterfaceOrientationLandscapeRight";
				LD_RUNPATH_SEARCH_PATHS = (
					"$(inherited)",
					"@executable_path/Frameworks",
				);
				MARKETING_VERSION = 1.0;
				PRODUCT_BUNDLE_IDENTIFIER = com.jessicaKoh.Warning;
				PRODUCT_NAME = "$(TARGET_NAME)";
				SWIFT_EMIT_LOC_STRINGS = YES;
				SWIFT_VERSION = 5.0;
				TARGETED_DEVICE_FAMILY = "1,2";
			};
			name = Release;
		};
/* End XCBuildConfiguration section */

/* Begin XCConfigurationList section */
		C8C9EEF1290D63EA005E4620 /* Build configuration list for PBXProject "Warning" */ = {
			isa = XCConfigurationList;
			buildConfigurations = (
				C8C9EF08290D63ED005E4620 /* Debug */,
				C8C9EF09290D63ED005E4620 /* Release */,
			);
			defaultConfigurationIsVisible = 0;
			defaultConfigurationName = Release;
		};
		C8C9EF0A290D63ED005E4620 /* Build configuration list for PBXNativeTarget "Warning" */ = {
			isa = XCConfigurationList;
			buildConfigurations = (
				C8C9EF0B290D63ED005E4620 /* Debug */,
				C8C9EF0C290D63ED005E4620 /* Release */,
			);
			defaultConfigurationIsVisible = 0;
			defaultConfigurationName = Release;
		};
/* End XCConfigurationList section */
	};
	rootObject = C8C9EEEE290D63EA005E4620 /* Project object */;
}
