// !$*UTF8*$!
{
	archiveVersion = 1;
	classes = {
	};
	objectVersion = 56;
	objects = {

/* Begin PBXBuildFile section */
		C81B58A8290E4B7A003905B7 /* AppDelegate.swift in Sources */ = {isa = PBXBuildFile; fileRef = C81B58A7290E4B7A003905B7 /* AppDelegate.swift */; };
		C81B58AA290E4B7A003905B7 /* SceneDelegate.swift in Sources */ = {isa = PBXBuildFile; fileRef = C81B58A9290E4B7A003905B7 /* SceneDelegate.swift */; };
		C81B58B1290E4B7B003905B7 /* Assets.xcassets in Resources */ = {isa = PBXBuildFile; fileRef = C81B58B0290E4B7B003905B7 /* Assets.xcassets */; };
		C81B58B4290E4B7B003905B7 /* LaunchScreen.storyboard in Resources */ = {isa = PBXBuildFile; fileRef = C81B58B2290E4B7B003905B7 /* LaunchScreen.storyboard */; };
		C81B58C2290E4CC4003905B7 /* HomeViewController.swift in Sources */ = {isa = PBXBuildFile; fileRef = C81B58C1290E4CC4003905B7 /* HomeViewController.swift */; };
		C81B58C5290E504B003905B7 /* SnapKit in Frameworks */ = {isa = PBXBuildFile; productRef = C81B58C4290E504B003905B7 /* SnapKit */; };
		C81B58C7290E504B003905B7 /* SnapKit-Dynamic in Frameworks */ = {isa = PBXBuildFile; productRef = C81B58C6290E504B003905B7 /* SnapKit-Dynamic */; };
		C81B58C9290E559E003905B7 /* Content.plist in Resources */ = {isa = PBXBuildFile; fileRef = C81B58C8290E559D003905B7 /* Content.plist */; };
		C81B58CB290E55F5003905B7 /* Content.swift in Sources */ = {isa = PBXBuildFile; fileRef = C81B58CA290E55F5003905B7 /* Content.swift */; };
		C81B58CD290E5F71003905B7 /* ContentCollectionViewCell.swift in Sources */ = {isa = PBXBuildFile; fileRef = C81B58CC290E5F71003905B7 /* ContentCollectionViewCell.swift */; };
		C81B58CF290E61F7003905B7 /* ContentCollectionViewHeader.swift in Sources */ = {isa = PBXBuildFile; fileRef = C81B58CE290E61F7003905B7 /* ContentCollectionViewHeader.swift */; };
/* End PBXBuildFile section */

/* Begin PBXFileReference section */
		C81B58A4290E4B7A003905B7 /* NetflixStyleSampleApp.app */ = {isa = PBXFileReference; explicitFileType = wrapper.application; includeInIndex = 0; path = NetflixStyleSampleApp.app; sourceTree = BUILT_PRODUCTS_DIR; };
		C81B58A7290E4B7A003905B7 /* AppDelegate.swift */ = {isa = PBXFileReference; lastKnownFileType = sourcecode.swift; path = AppDelegate.swift; sourceTree = "<group>"; };
		C81B58A9290E4B7A003905B7 /* SceneDelegate.swift */ = {isa = PBXFileReference; lastKnownFileType = sourcecode.swift; path = SceneDelegate.swift; sourceTree = "<group>"; };
		C81B58B0290E4B7B003905B7 /* Assets.xcassets */ = {isa = PBXFileReference; lastKnownFileType = folder.assetcatalog; path = Assets.xcassets; sourceTree = "<group>"; };
		C81B58B3290E4B7B003905B7 /* Base */ = {isa = PBXFileReference; lastKnownFileType = file.storyboard; name = Base; path = Base.lproj/LaunchScreen.storyboard; sourceTree = "<group>"; };
		C81B58B5290E4B7B003905B7 /* Info.plist */ = {isa = PBXFileReference; lastKnownFileType = text.plist.xml; path = Info.plist; sourceTree = "<group>"; };
		C81B58C1290E4CC4003905B7 /* HomeViewController.swift */ = {isa = PBXFileReference; lastKnownFileType = sourcecode.swift; path = HomeViewController.swift; sourceTree = "<group>"; };
		C81B58C8290E559D003905B7 /* Content.plist */ = {isa = PBXFileReference; fileEncoding = 4; lastKnownFileType = text.plist.xml; path = Content.plist; sourceTree = "<group>"; };
		C81B58CA290E55F5003905B7 /* Content.swift */ = {isa = PBXFileReference; lastKnownFileType = sourcecode.swift; path = Content.swift; sourceTree = "<group>"; };
		C81B58CC290E5F71003905B7 /* ContentCollectionViewCell.swift */ = {isa = PBXFileReference; lastKnownFileType = sourcecode.swift; path = ContentCollectionViewCell.swift; sourceTree = "<group>"; };
		C81B58CE290E61F7003905B7 /* ContentCollectionViewHeader.swift */ = {isa = PBXFileReference; lastKnownFileType = sourcecode.swift; path = ContentCollectionViewHeader.swift; sourceTree = "<group>"; };
/* End PBXFileReference section */

/* Begin PBXFrameworksBuildPhase section */
		C81B58A1290E4B7A003905B7 /* Frameworks */ = {
			isa = PBXFrameworksBuildPhase;
			buildActionMask = 2147483647;
			files = (
				C81B58C5290E504B003905B7 /* SnapKit in Frameworks */,
				C81B58C7290E504B003905B7 /* SnapKit-Dynamic in Frameworks */,
			);
			runOnlyForDeploymentPostprocessing = 0;
		};
/* End PBXFrameworksBuildPhase section */

/* Begin PBXGroup section */
		C81B589B290E4B7A003905B7 = {
			isa = PBXGroup;
			children = (
				C81B58A6290E4B7A003905B7 /* NetflixStyleSampleApp */,
				C81B58A5290E4B7A003905B7 /* Products */,
			);
			sourceTree = "<group>";
		};
		C81B58A5290E4B7A003905B7 /* Products */ = {
			isa = PBXGroup;
			children = (
				C81B58A4290E4B7A003905B7 /* NetflixStyleSampleApp.app */,
			);
			name = Products;
			sourceTree = "<group>";
		};
		C81B58A6290E4B7A003905B7 /* NetflixStyleSampleApp */ = {
			isa = PBXGroup;
			children = (
				C81B58A7290E4B7A003905B7 /* AppDelegate.swift */,
				C81B58A9290E4B7A003905B7 /* SceneDelegate.swift */,
				C81B58BF290E4C8B003905B7 /* Models */,
				C81B58BE290E4C85003905B7 /* Views */,
				C81B58BD290E4C80003905B7 /* Controllers */,
				C81B58C0290E4C91003905B7 /* Supports */,
				C81B58B5290E4B7B003905B7 /* Info.plist */,
				C81B58C8290E559D003905B7 /* Content.plist */,
			);
			path = NetflixStyleSampleApp;
			sourceTree = "<group>";
		};
		C81B58BD290E4C80003905B7 /* Controllers */ = {
			isa = PBXGroup;
			children = (
				C81B58C1290E4CC4003905B7 /* HomeViewController.swift */,
			);
			path = Controllers;
			sourceTree = "<group>";
		};
		C81B58BE290E4C85003905B7 /* Views */ = {
			isa = PBXGroup;
			children = (
				C81B58CC290E5F71003905B7 /* ContentCollectionViewCell.swift */,
				C81B58CE290E61F7003905B7 /* ContentCollectionViewHeader.swift */,
			);
			path = Views;
			sourceTree = "<group>";
		};
		C81B58BF290E4C8B003905B7 /* Models */ = {
			isa = PBXGroup;
			children = (
				C81B58CA290E55F5003905B7 /* Content.swift */,
			);
			path = Models;
			sourceTree = "<group>";
		};
		C81B58C0290E4C91003905B7 /* Supports */ = {
			isa = PBXGroup;
			children = (
				C81B58B2290E4B7B003905B7 /* LaunchScreen.storyboard */,
				C81B58B0290E4B7B003905B7 /* Assets.xcassets */,
			);
			path = Supports;
			sourceTree = "<group>";
		};
/* End PBXGroup section */

/* Begin PBXNativeTarget section */
		C81B58A3290E4B7A003905B7 /* NetflixStyleSampleApp */ = {
			isa = PBXNativeTarget;
			buildConfigurationList = C81B58B8290E4B7B003905B7 /* Build configuration list for PBXNativeTarget "NetflixStyleSampleApp" */;
			buildPhases = (
				C81B58A0290E4B7A003905B7 /* Sources */,
				C81B58A1290E4B7A003905B7 /* Frameworks */,
				C81B58A2290E4B7A003905B7 /* Resources */,
			);
			buildRules = (
			);
			dependencies = (
			);
			name = NetflixStyleSampleApp;
			packageProductDependencies = (
				C81B58C4290E504B003905B7 /* SnapKit */,
				C81B58C6290E504B003905B7 /* SnapKit-Dynamic */,
			);
			productName = NetflixStyleSampleApp;
			productReference = C81B58A4290E4B7A003905B7 /* NetflixStyleSampleApp.app */;
			productType = "com.apple.product-type.application";
		};
/* End PBXNativeTarget section */

/* Begin PBXProject section */
		C81B589C290E4B7A003905B7 /* Project object */ = {
			isa = PBXProject;
			attributes = {
				BuildIndependentTargetsInParallel = 1;
				LastSwiftUpdateCheck = 1400;
				LastUpgradeCheck = 1400;
				TargetAttributes = {
					C81B58A3290E4B7A003905B7 = {
						CreatedOnToolsVersion = 14.0.1;
					};
				};
			};
			buildConfigurationList = C81B589F290E4B7A003905B7 /* Build configuration list for PBXProject "NetflixStyleSampleApp" */;
			compatibilityVersion = "Xcode 14.0";
			developmentRegion = en;
			hasScannedForEncodings = 0;
			knownRegions = (
				en,
				Base,
			);
			mainGroup = C81B589B290E4B7A003905B7;
			packageReferences = (
				C81B58C3290E504B003905B7 /* XCRemoteSwiftPackageReference "SnapKit" */,
			);
			productRefGroup = C81B58A5290E4B7A003905B7 /* Products */;
			projectDirPath = "";
			projectRoot = "";
			targets = (
				C81B58A3290E4B7A003905B7 /* NetflixStyleSampleApp */,
			);
		};
/* End PBXProject section */

/* Begin PBXResourcesBuildPhase section */
		C81B58A2290E4B7A003905B7 /* Resources */ = {
			isa = PBXResourcesBuildPhase;
			buildActionMask = 2147483647;
			files = (
				C81B58B4290E4B7B003905B7 /* LaunchScreen.storyboard in Resources */,
				C81B58B1290E4B7B003905B7 /* Assets.xcassets in Resources */,
				C81B58C9290E559E003905B7 /* Content.plist in Resources */,
			);
			runOnlyForDeploymentPostprocessing = 0;
		};
/* End PBXResourcesBuildPhase section */

/* Begin PBXSourcesBuildPhase section */
		C81B58A0290E4B7A003905B7 /* Sources */ = {
			isa = PBXSourcesBuildPhase;
			buildActionMask = 2147483647;
			files = (
				C81B58A8290E4B7A003905B7 /* AppDelegate.swift in Sources */,
				C81B58CF290E61F7003905B7 /* ContentCollectionViewHeader.swift in Sources */,
				C81B58AA290E4B7A003905B7 /* SceneDelegate.swift in Sources */,
				C81B58C2290E4CC4003905B7 /* HomeViewController.swift in Sources */,
				C81B58CB290E55F5003905B7 /* Content.swift in Sources */,
				C81B58CD290E5F71003905B7 /* ContentCollectionViewCell.swift in Sources */,
			);
			runOnlyForDeploymentPostprocessing = 0;
		};
/* End PBXSourcesBuildPhase section */

/* Begin PBXVariantGroup section */
		C81B58B2290E4B7B003905B7 /* LaunchScreen.storyboard */ = {
			isa = PBXVariantGroup;
			children = (
				C81B58B3290E4B7B003905B7 /* Base */,
			);
			name = LaunchScreen.storyboard;
			sourceTree = "<group>";
		};
/* End PBXVariantGroup section */

/* Begin XCBuildConfiguration section */
		C81B58B6290E4B7B003905B7 /* Debug */ = {
			isa = XCBuildConfiguration;
			buildSettings = {
				ALWAYS_SEARCH_USER_PATHS = NO;
				CLANG_ANALYZER_NONNULL = YES;
				CLANG_ANALYZER_NUMBER_OBJECT_CONVERSION = YES_AGGRESSIVE;
				CLANG_CXX_LANGUAGE_STANDARD = "gnu++20";
				CLANG_ENABLE_MODULES = YES;
				CLANG_ENABLE_OBJC_ARC = YES;
				CLANG_ENABLE_OBJC_WEAK = YES;
				CLANG_WARN_BLOCK_CAPTURE_AUTORELEASING = YES;
				CLANG_WARN_BOOL_CONVERSION = YES;
				CLANG_WARN_COMMA = YES;
				CLANG_WARN_CONSTANT_CONVERSION = YES;
				CLANG_WARN_DEPRECATED_OBJC_IMPLEMENTATIONS = YES;
				CLANG_WARN_DIRECT_OBJC_ISA_USAGE = YES_ERROR;
				CLANG_WARN_DOCUMENTATION_COMMENTS = YES;
				CLANG_WARN_EMPTY_BODY = YES;
				CLANG_WARN_ENUM_CONVERSION = YES;
				CLANG_WARN_INFINITE_RECURSION = YES;
				CLANG_WARN_INT_CONVERSION = YES;
				CLANG_WARN_NON_LITERAL_NULL_CONVERSION = YES;
				CLANG_WARN_OBJC_IMPLICIT_RETAIN_SELF = YES;
				CLANG_WARN_OBJC_LITERAL_CONVERSION = YES;
				CLANG_WARN_OBJC_ROOT_CLASS = YES_ERROR;
				CLANG_WARN_QUOTED_INCLUDE_IN_FRAMEWORK_HEADER = YES;
				CLANG_WARN_RANGE_LOOP_ANALYSIS = YES;
				CLANG_WARN_STRICT_PROTOTYPES = YES;
				CLANG_WARN_SUSPICIOUS_MOVE = YES;
				CLANG_WARN_UNGUARDED_AVAILABILITY = YES_AGGRESSIVE;
				CLANG_WARN_UNREACHABLE_CODE = YES;
				CLANG_WARN__DUPLICATE_METHOD_MATCH = YES;
				COPY_PHASE_STRIP = NO;
				DEBUG_INFORMATION_FORMAT = dwarf;
				ENABLE_STRICT_OBJC_MSGSEND = YES;
				ENABLE_TESTABILITY = YES;
				GCC_C_LANGUAGE_STANDARD = gnu11;
				GCC_DYNAMIC_NO_PIC = NO;
				GCC_NO_COMMON_BLOCKS = YES;
				GCC_OPTIMIZATION_LEVEL = 0;
				GCC_PREPROCESSOR_DEFINITIONS = (
					"DEBUG=1",
					"$(inherited)",
				);
				GCC_WARN_64_TO_32_BIT_CONVERSION = YES;
				GCC_WARN_ABOUT_RETURN_TYPE = YES_ERROR;
				GCC_WARN_UNDECLARED_SELECTOR = YES;
				GCC_WARN_UNINITIALIZED_AUTOS = YES_AGGRESSIVE;
				GCC_WARN_UNUSED_FUNCTION = YES;
				GCC_WARN_UNUSED_VARIABLE = YES;
				IPHONEOS_DEPLOYMENT_TARGET = 16.0;
				MTL_ENABLE_DEBUG_INFO = INCLUDE_SOURCE;
				MTL_FAST_MATH = YES;
				ONLY_ACTIVE_ARCH = YES;
				SDKROOT = iphoneos;
				SWIFT_ACTIVE_COMPILATION_CONDITIONS = DEBUG;
				SWIFT_OPTIMIZATION_LEVEL = "-Onone";
			};
			name = Debug;
		};
		C81B58B7290E4B7B003905B7 /* Release */ = {
			isa = XCBuildConfiguration;
			buildSettings = {
				ALWAYS_SEARCH_USER_PATHS = NO;
				CLANG_ANALYZER_NONNULL = YES;
				CLANG_ANALYZER_NUMBER_OBJECT_CONVERSION = YES_AGGRESSIVE;
				CLANG_CXX_LANGUAGE_STANDARD = "gnu++20";
				CLANG_ENABLE_MODULES = YES;
				CLANG_ENABLE_OBJC_ARC = YES;
				CLANG_ENABLE_OBJC_WEAK = YES;
				CLANG_WARN_BLOCK_CAPTURE_AUTORELEASING = YES;
				CLANG_WARN_BOOL_CONVERSION = YES;
				CLANG_WARN_COMMA = YES;
				CLANG_WARN_CONSTANT_CONVERSION = YES;
				CLANG_WARN_DEPRECATED_OBJC_IMPLEMENTATIONS = YES;
				CLANG_WARN_DIRECT_OBJC_ISA_USAGE = YES_ERROR;
				CLANG_WARN_DOCUMENTATION_COMMENTS = YES;
				CLANG_WARN_EMPTY_BODY = YES;
				CLANG_WARN_ENUM_CONVERSION = YES;
				CLANG_WARN_INFINITE_RECURSION = YES;
				CLANG_WARN_INT_CONVERSION = YES;
				CLANG_WARN_NON_LITERAL_NULL_CONVERSION = YES;
				CLANG_WARN_OBJC_IMPLICIT_RETAIN_SELF = YES;
				CLANG_WARN_OBJC_LITERAL_CONVERSION = YES;
				CLANG_WARN_OBJC_ROOT_CLASS = YES_ERROR;
				CLANG_WARN_QUOTED_INCLUDE_IN_FRAMEWORK_HEADER = YES;
				CLANG_WARN_RANGE_LOOP_ANALYSIS = YES;
				CLANG_WARN_STRICT_PROTOTYPES = YES;
				CLANG_WARN_SUSPICIOUS_MOVE = YES;
				CLANG_WARN_UNGUARDED_AVAILABILITY = YES_AGGRESSIVE;
				CLANG_WARN_UNREACHABLE_CODE = YES;
				CLANG_WARN__DUPLICATE_METHOD_MATCH = YES;
				COPY_PHASE_STRIP = NO;
				DEBUG_INFORMATION_FORMAT = "dwarf-with-dsym";
				ENABLE_NS_ASSERTIONS = NO;
				ENABLE_STRICT_OBJC_MSGSEND = YES;
				GCC_C_LANGUAGE_STANDARD = gnu11;
				GCC_NO_COMMON_BLOCKS = YES;
				GCC_WARN_64_TO_32_BIT_CONVERSION = YES;
				GCC_WARN_ABOUT_RETURN_TYPE = YES_ERROR;
				GCC_WARN_UNDECLARED_SELECTOR = YES;
				GCC_WARN_UNINITIALIZED_AUTOS = YES_AGGRESSIVE;
				GCC_WARN_UNUSED_FUNCTION = YES;
				GCC_WARN_UNUSED_VARIABLE = YES;
				IPHONEOS_DEPLOYMENT_TARGET = 16.0;
				MTL_ENABLE_DEBUG_INFO = NO;
				MTL_FAST_MATH = YES;
				SDKROOT = iphoneos;
				SWIFT_COMPILATION_MODE = wholemodule;
				SWIFT_OPTIMIZATION_LEVEL = "-O";
				VALIDATE_PRODUCT = YES;
			};
			name = Release;
		};
		C81B58B9290E4B7B003905B7 /* Debug */ = {
			isa = XCBuildConfiguration;
			buildSettings = {
				ASSETCATALOG_COMPILER_APPICON_NAME = AppIcon;
				ASSETCATALOG_COMPILER_GLOBAL_ACCENT_COLOR_NAME = AccentColor;
				CODE_SIGN_STYLE = Automatic;
				CURRENT_PROJECT_VERSION = 1;
				DEVELOPMENT_TEAM = C52UTF3KCV;
				GENERATE_INFOPLIST_FILE = YES;
				INFOPLIST_FILE = NetflixStyleSampleApp/Info.plist;
				INFOPLIST_KEY_UIApplicationSupportsIndirectInputEvents = YES;
				INFOPLIST_KEY_UILaunchStoryboardName = LaunchScreen;
				INFOPLIST_KEY_UIMainStoryboardFile = Main;
				INFOPLIST_KEY_UISupportedInterfaceOrientations_iPad = "UIInterfaceOrientationPortrait UIInterfaceOrientationPortraitUpsideDown UIInterfaceOrientationLandscapeLeft UIInterfaceOrientationLandscapeRight";
				INFOPLIST_KEY_UISupportedInterfaceOrientations_iPhone = "UIInterfaceOrientationPortrait UIInterfaceOrientationLandscapeLeft UIInterfaceOrientationLandscapeRight";
				LD_RUNPATH_SEARCH_PATHS = (
					"$(inherited)",
					"@executable_path/Frameworks",
				);
				MARKETING_VERSION = 1.0;
				PRODUCT_BUNDLE_IDENTIFIER = com.jessicaKoh.NetflixStyleSampleApp;
				PRODUCT_NAME = "$(TARGET_NAME)";
				SWIFT_EMIT_LOC_STRINGS = YES;
				SWIFT_VERSION = 5.0;
				TARGETED_DEVICE_FAMILY = "1,2";
			};
			name = Debug;
		};
		C81B58BA290E4B7B003905B7 /* Release */ = {
			isa = XCBuildConfiguration;
			buildSettings = {
				ASSETCATALOG_COMPILER_APPICON_NAME = AppIcon;
				ASSETCATALOG_COMPILER_GLOBAL_ACCENT_COLOR_NAME = AccentColor;
				CODE_SIGN_STYLE = Automatic;
				CURRENT_PROJECT_VERSION = 1;
				DEVELOPMENT_TEAM = C52UTF3KCV;
				GENERATE_INFOPLIST_FILE = YES;
				INFOPLIST_FILE = NetflixStyleSampleApp/Info.plist;
				INFOPLIST_KEY_UIApplicationSupportsIndirectInputEvents = YES;
				INFOPLIST_KEY_UILaunchStoryboardName = LaunchScreen;
				INFOPLIST_KEY_UIMainStoryboardFile = Main;
				INFOPLIST_KEY_UISupportedInterfaceOrientations_iPad = "UIInterfaceOrientationPortrait UIInterfaceOrientationPortraitUpsideDown UIInterfaceOrientationLandscapeLeft UIInterfaceOrientationLandscapeRight";
				INFOPLIST_KEY_UISupportedInterfaceOrientations_iPhone = "UIInterfaceOrientationPortrait UIInterfaceOrientationLandscapeLeft UIInterfaceOrientationLandscapeRight";
				LD_RUNPATH_SEARCH_PATHS = (
					"$(inherited)",
					"@executable_path/Frameworks",
				);
				MARKETING_VERSION = 1.0;
				PRODUCT_BUNDLE_IDENTIFIER = com.jessicaKoh.NetflixStyleSampleApp;
				PRODUCT_NAME = "$(TARGET_NAME)";
				SWIFT_EMIT_LOC_STRINGS = YES;
				SWIFT_VERSION = 5.0;
				TARGETED_DEVICE_FAMILY = "1,2";
			};
			name = Release;
		};
/* End XCBuildConfiguration section */

/* Begin XCConfigurationList section */
		C81B589F290E4B7A003905B7 /* Build configuration list for PBXProject "NetflixStyleSampleApp" */ = {
			isa = XCConfigurationList;
			buildConfigurations = (
				C81B58B6290E4B7B003905B7 /* Debug */,
				C81B58B7290E4B7B003905B7 /* Release */,
			);
			defaultConfigurationIsVisible = 0;
			defaultConfigurationName = Release;
		};
		C81B58B8290E4B7B003905B7 /* Build configuration list for PBXNativeTarget "NetflixStyleSampleApp" */ = {
			isa = XCConfigurationList;
			buildConfigurations = (
				C81B58B9290E4B7B003905B7 /* Debug */,
				C81B58BA290E4B7B003905B7 /* Release */,
			);
			defaultConfigurationIsVisible = 0;
			defaultConfigurationName = Release;
		};
/* End XCConfigurationList section */

/* Begin XCRemoteSwiftPackageReference section */
		C81B58C3290E504B003905B7 /* XCRemoteSwiftPackageReference "SnapKit" */ = {
			isa = XCRemoteSwiftPackageReference;
			repositoryURL = "https://github.com/SnapKit/SnapKit.git";
			requirement = {
				kind = upToNextMajorVersion;
				minimumVersion = 5.0.0;
			};
		};
/* End XCRemoteSwiftPackageReference section */

/* Begin XCSwiftPackageProductDependency section */
		C81B58C4290E504B003905B7 /* SnapKit */ = {
			isa = XCSwiftPackageProductDependency;
			package = C81B58C3290E504B003905B7 /* XCRemoteSwiftPackageReference "SnapKit" */;
			productName = SnapKit;
		};
		C81B58C6290E504B003905B7 /* SnapKit-Dynamic */ = {
			isa = XCSwiftPackageProductDependency;
			package = C81B58C3290E504B003905B7 /* XCRemoteSwiftPackageReference "SnapKit" */;
			productName = "SnapKit-Dynamic";
		};
/* End XCSwiftPackageProductDependency section */
	};
	rootObject = C81B589C290E4B7A003905B7 /* Project object */;
}
